
Microsoft Visual Studio Solution File, Format Version 12.00
# Visual Studio 14
VisualStudioVersion = 14.0.22310.1
MinimumVisualStudioVersion = 10.0.40219.1
Project("{FAE04EC0-301F-11D3-BF4B-00C04F79EFBC}") = "SnapTown.WebService", "SnapTown.WebService\SnapTown.WebService.csproj", "{76B3A0D3-048E-4D24-A63B-4F2ADE16A224}"
EndProject
Project("{FAE04EC0-301F-11D3-BF4B-00C04F79EFBC}") = "SnapTown.Models", "SnapTown.Models\SnapTown.Models.csproj", "{B27E1775-F86C-4C0C-AA0A-CD3BCFB10030}"
EndProject
Project("{FAE04EC0-301F-11D3-BF4B-00C04F79EFBC}") = "SnapTown.DAL", "SnapTown.DAL\SnapTown.DAL.csproj", "{EC093DE1-DFD4-463D-8D42-5F88D8545C51}"
EndProject
Project("{FAE04EC0-301F-11D3-BF4B-00C04F79EFBC}") = "SnapTown.DTO", "SnapTown.DTO\SnapTown.DTO.csproj", "{37D6D598-1E43-4FAC-A5D0-57C097BF68EB}"
EndProject
Project("{FAE04EC0-301F-11D3-BF4B-00C04F79EFBC}") = "SnapTown.Utils", "SnapTown.Utils\SnapTown.Utils.csproj", "{0957F5A5-2671-4F5B-84B5-671429B6ADE7}"
EndProject
Global
	GlobalSection(SolutionConfigurationPlatforms) = preSolution
		Debug|Any CPU = Debug|Any CPU
		Release|Any CPU = Release|Any CPU
	EndGlobalSection
	GlobalSection(ProjectConfigurationPlatforms) = postSolution
		{76B3A0D3-048E-4D24-A63B-4F2ADE16A224}.Debug|Any CPU.ActiveCfg = Debug|Any CPU
		{76B3A0D3-048E-4D24-A63B-4F2ADE16A224}.Debug|Any CPU.Build.0 = Debug|Any CPU
		{76B3A0D3-048E-4D24-A63B-4F2ADE16A224}.Release|Any CPU.ActiveCfg = Release|Any CPU
		{76B3A0D3-048E-4D24-A63B-4F2ADE16A224}.Release|Any CPU.Build.0 = Release|Any CPU
		{B27E1775-F86C-4C0C-AA0A-CD3BCFB10030}.Debug|Any CPU.ActiveCfg = Debug|Any CPU
		{B27E1775-F86C-4C0C-AA0A-CD3BCFB10030}.Debug|Any CPU.Build.0 = Debug|Any CPU
		{B27E1775-F86C-4C0C-AA0A-CD3BCFB10030}.Release|Any CPU.ActiveCfg = Release|Any CPU
		{B27E1775-F86C-4C0C-AA0A-CD3BCFB10030}.Release|Any CPU.Build.0 = Release|Any CPU
		{EC093DE1-DFD4-463D-8D42-5F88D8545C51}.Debug|Any CPU.ActiveCfg = Debug|Any CPU
		{EC093DE1-DFD4-463D-8D42-5F88D8545C51}.Debug|Any CPU.Build.0 = Debug|Any CPU
		{EC093DE1-DFD4-463D-8D42-5F88D8545C51}.Release|Any CPU.ActiveCfg = Release|Any CPU
		{EC093DE1-DFD4-463D-8D42-5F88D8545C51}.Release|Any CPU.Build.0 = Release|Any CPU
		{37D6D598-1E43-4FAC-A5D0-57C097BF68EB}.Debug|Any CPU.ActiveCfg = Debug|Any CPU
		{37D6D598-1E43-4FAC-A5D0-57C097BF68EB}.Debug|Any CPU.Build.0 = Debug|Any CPU
		{37D6D598-1E43-4FAC-A5D0-57C097BF68EB}.Release|Any CPU.ActiveCfg = Release|Any CPU
		{37D6D598-1E43-4FAC-A5D0-57C097BF68EB}.Release|Any CPU.Build.0 = Release|Any CPU
		{0957F5A5-2671-4F5B-84B5-671429B6ADE7}.Debug|Any CPU.ActiveCfg = Debug|Any CPU
		{0957F5A5-2671-4F5B-84B5-671429B6ADE7}.Debug|Any CPU.Build.0 = Debug|Any CPU
		{0957F5A5-2671-4F5B-84B5-671429B6ADE7}.Release|Any CPU.ActiveCfg = Release|Any CPU
		{0957F5A5-2671-4F5B-84B5-671429B6ADE7}.Release|Any CPU.Build.0 = Release|Any CPU
	EndGlobalSection
	GlobalSection(SolutionProperties) = preSolution
		HideSolutionNode = FALSE
	EndGlobalSection
EndGlobal
